
Microsoft Visual Studio Solution File, Format Version 12.00
# Visual Studio Version 17
VisualStudioVersion = 17.10.34916.146
MinimumVisualStudioVersion = 10.0.40219.1
Project("{FAE04EC0-301F-11D3-BF4B-00C04F79EFBC}") = "EC3_LLATAS-PARIGUANA-ANDY-MARCELO", "EC3_LLATAS-PARIGUANA-ANDY-MARCELO.csproj", "{9C3A73C3-95C8-426D-8C4D-7321F69F08C2}"
EndProject
Global
	GlobalSection(SolutionConfigurationPlatforms) = preSolution
		Debug|Any CPU = Debug|Any CPU
		Release|Any CPU = Release|Any CPU
	EndGlobalSection
	GlobalSection(ProjectConfigurationPlatforms) = postSolution
		{9C3A73C3-95C8-426D-8C4D-7321F69F08C2}.Debug|Any CPU.ActiveCfg = Debug|Any CPU
		{9C3A73C3-95C8-426D-8C4D-7321F69F08C2}.Debug|Any CPU.Build.0 = Debug|Any CPU
		{9C3A73C3-95C8-426D-8C4D-7321F69F08C2}.Release|Any CPU.ActiveCfg = Release|Any CPU
		{9C3A73C3-95C8-426D-8C4D-7321F69F08C2}.Release|Any CPU.Build.0 = Release|Any CPU
	EndGlobalSection
	GlobalSection(SolutionProperties) = preSolution
		HideSolutionNode = FALSE
	EndGlobalSection
	GlobalSection(ExtensibilityGlobals) = postSolution
		SolutionGuid = {90FDA936-37AC-46D5-B20A-ED5BB054115C}
	EndGlobalSection
EndGlobal
